
Microsoft Visual Studio Solution File, Format Version 12.00
# Visual Studio Version 17
VisualStudioVersion = 17.7.34221.43
MinimumVisualStudioVersion = 10.0.40219.1
Project("{FAE04EC0-301F-11D3-BF4B-00C04F79EFBC}") = "UnitConverter", "UnitConverter\UnitConverter.csproj", "{0E03C64E-8DF5-40EB-952A-8648B38F2099}"
EndProject
Global
	GlobalSection(SolutionConfigurationPlatforms) = preSolution
		Debug|Any CPU = Debug|Any CPU
		Release|Any CPU = Release|Any CPU
	EndGlobalSection
	GlobalSection(ProjectConfigurationPlatforms) = postSolution
		{0E03C64E-8DF5-40EB-952A-8648B38F2099}.Debug|Any CPU.ActiveCfg = Debug|Any CPU
		{0E03C64E-8DF5-40EB-952A-8648B38F2099}.Debug|Any CPU.Build.0 = Debug|Any CPU
		{0E03C64E-8DF5-40EB-952A-8648B38F2099}.Release|Any CPU.ActiveCfg = Release|Any CPU
		{0E03C64E-8DF5-40EB-952A-8648B38F2099}.Release|Any CPU.Build.0 = Release|Any CPU
	EndGlobalSection
	GlobalSection(SolutionProperties) = preSolution
		HideSolutionNode = FALSE
	EndGlobalSection
	GlobalSection(ExtensibilityGlobals) = postSolution
		SolutionGuid = {E5DC3D0C-6FE3-4D54-9AEA-8998603F9BB6}
	EndGlobalSection
EndGlobal
